// !$*UTF8*$!
{
	archiveVersion = 1;
	classes = {
	};
	objectVersion = 77;
	objects = {

/* Begin PBXBuildFile section */
		3570C0132E7216C7000249C7 /* GoogleService-Info.plist in Resources */ = {isa = PBXBuildFile; fileRef = 3570C0122E7216C7000249C7 /* GoogleService-Info.plist */; };
		5B49430A2E6A864A00B252E3 /* FirebaseAuth in Frameworks */ = {isa = PBXBuildFile; productRef = 5B4943092E6A864A00B252E3 /* FirebaseAuth */; };
		5B49430C2E6A864A00B252E3 /* FirebaseDatabase in Frameworks */ = {isa = PBXBuildFile; productRef = 5B49430B2E6A864A00B252E3 /* FirebaseDatabase */; };
		5B49430E2E6A864A00B252E3 /* FirebaseFirestore in Frameworks */ = {isa = PBXBuildFile; productRef = 5B49430D2E6A864A00B252E3 /* FirebaseFirestore */; };
		5B4943102E6A864A00B252E3 /* FirebaseStorage in Frameworks */ = {isa = PBXBuildFile; productRef = 5B49430F2E6A864A00B252E3 /* FirebaseStorage */; };
/* End PBXBuildFile section */

/* Begin PBXContainerItemProxy section */
		5B2B62242E63388E007A249D /* PBXContainerItemProxy */ = {
			isa = PBXContainerItemProxy;
			containerPortal = 5B2B620B2E63388D007A249D /* Project object */;
			proxyType = 1;
			remoteGlobalIDString = 5B2B62122E63388D007A249D;
			remoteInfo = "Yes Chef";
		};
		5B2B622E2E63388E007A249D /* PBXContainerItemProxy */ = {
			isa = PBXContainerItemProxy;
			containerPortal = 5B2B620B2E63388D007A249D /* Project object */;
			proxyType = 1;
			remoteGlobalIDString = 5B2B62122E63388D007A249D;
			remoteInfo = "Yes Chef";
		};
/* End PBXContainerItemProxy section */

/* Begin PBXFileReference section */
		3570C0122E7216C7000249C7 /* GoogleService-Info.plist */ = {isa = PBXFileReference; lastKnownFileType = text.plist.xml; path = "GoogleService-Info.plist"; sourceTree = "<group>"; };
		5B2B62132E63388D007A249D /* Yes Chef.app */ = {isa = PBXFileReference; explicitFileType = wrapper.application; includeInIndex = 0; path = "Yes Chef.app"; sourceTree = BUILT_PRODUCTS_DIR; };
		5B2B62232E63388E007A249D /* Yes ChefTests.xctest */ = {isa = PBXFileReference; explicitFileType = wrapper.cfbundle; includeInIndex = 0; path = "Yes ChefTests.xctest"; sourceTree = BUILT_PRODUCTS_DIR; };
		5B2B622D2E63388E007A249D /* Yes ChefUITests.xctest */ = {isa = PBXFileReference; explicitFileType = wrapper.cfbundle; includeInIndex = 0; path = "Yes ChefUITests.xctest"; sourceTree = BUILT_PRODUCTS_DIR; };
		5B2DE1822EBF9D4E00AD956B /* Yes Chef.xcodeproj */ = {isa = PBXFileReference; lastKnownFileType = "wrapper.pb-project"; path = "Yes Chef.xcodeproj"; sourceTree = "<group>"; };
		5B3058B22EBD520300C788EF /* Yes Chef.xcodeproj */ = {isa = PBXFileReference; lastKnownFileType = "wrapper.pb-project"; path = "Yes Chef.xcodeproj"; sourceTree = "<group>"; };
		5B7786812EC1482300C6D7F6 /* Yes Chef.xcodeproj */ = {isa = PBXFileReference; lastKnownFileType = "wrapper.pb-project"; path = "Yes Chef.xcodeproj"; sourceTree = "<group>"; };
		5B78E17D2EBFA67200B13020 /* Yes Chef.xcodeproj */ = {isa = PBXFileReference; lastKnownFileType = "wrapper.pb-project"; path = "Yes Chef.xcodeproj"; sourceTree = "<group>"; };
		5B884C362EB169F0004063E0 /* Yes Chef.xcodeproj */ = {isa = PBXFileReference; lastKnownFileType = "wrapper.pb-project"; path = "Yes Chef.xcodeproj"; sourceTree = "<group>"; };
		5BFAE3532EC0F0CF009B7BFB /* Yes Chef.xcodeproj */ = {isa = PBXFileReference; lastKnownFileType = "wrapper.pb-project"; path = "Yes Chef.xcodeproj"; sourceTree = "<group>"; };
/* End PBXFileReference section */

/* Begin PBXFileSystemSynchronizedRootGroup section */
		5B2B62152E63388D007A249D /* Yes Chef */ = {
			isa = PBXFileSystemSynchronizedRootGroup;
			path = "Yes Chef";
			sourceTree = "<group>";
		};
		5B2B62262E63388E007A249D /* Yes ChefTests */ = {
			isa = PBXFileSystemSynchronizedRootGroup;
			path = "Yes ChefTests";
			sourceTree = "<group>";
		};
		5B2B62302E63388E007A249D /* Yes ChefUITests */ = {
			isa = PBXFileSystemSynchronizedRootGroup;
			path = "Yes ChefUITests";
			sourceTree = "<group>";
		};
/* End PBXFileSystemSynchronizedRootGroup section */

/* Begin PBXFrameworksBuildPhase section */
		5B2B62102E63388D007A249D /* Frameworks */ = {
			isa = PBXFrameworksBuildPhase;
			buildActionMask = 2147483647;
			files = (
				5B49430C2E6A864A00B252E3 /* FirebaseDatabase in Frameworks */,
				5B4943102E6A864A00B252E3 /* FirebaseStorage in Frameworks */,
				5B49430A2E6A864A00B252E3 /* FirebaseAuth in Frameworks */,
				5B49430E2E6A864A00B252E3 /* FirebaseFirestore in Frameworks */,
			);
			runOnlyForDeploymentPostprocessing = 0;
		};
		5B2B62202E63388E007A249D /* Frameworks */ = {
			isa = PBXFrameworksBuildPhase;
			buildActionMask = 2147483647;
			files = (
			);
			runOnlyForDeploymentPostprocessing = 0;
		};
		5B2B622A2E63388E007A249D /* Frameworks */ = {
			isa = PBXFrameworksBuildPhase;
			buildActionMask = 2147483647;
			files = (
			);
			runOnlyForDeploymentPostprocessing = 0;
		};
/* End PBXFrameworksBuildPhase section */

/* Begin PBXGroup section */
		5B2B620A2E63388D007A249D = {
			isa = PBXGroup;
			children = (
				3570C0122E7216C7000249C7 /* GoogleService-Info.plist */,
				5B2B62152E63388D007A249D /* Yes Chef */,
				5B2B62262E63388E007A249D /* Yes ChefTests */,
				5B2B62302E63388E007A249D /* Yes ChefUITests */,
				5B2B62142E63388D007A249D /* Products */,
			);
			sourceTree = "<group>";
		};
		5B2B62142E63388D007A249D /* Products */ = {
			isa = PBXGroup;
			children = (
				5B2B62132E63388D007A249D /* Yes Chef.app */,
				5B2B62232E63388E007A249D /* Yes ChefTests.xctest */,
				5B2B622D2E63388E007A249D /* Yes ChefUITests.xctest */,
			);
			name = Products;
			sourceTree = "<group>";
		};
		5B2DE1842EBF9D4E00AD956B /* Products */ = {
			isa = PBXGroup;
			name = Products;
			sourceTree = "<group>";
		};
		5B3058B42EBD520300C788EF /* Products */ = {
			isa = PBXGroup;
			name = Products;
			sourceTree = "<group>";
		};
		5B7786832EC1482300C6D7F6 /* Products */ = {
			isa = PBXGroup;
			name = Products;
			sourceTree = "<group>";
		};
		5B78E17F2EBFA67200B13020 /* Products */ = {
			isa = PBXGroup;
			name = Products;
			sourceTree = "<group>";
		};
		5B884C382EB169F0004063E0 /* Products */ = {
			isa = PBXGroup;
			name = Products;
			sourceTree = "<group>";
		};
		5BFAE3552EC0F0CF009B7BFB /* Products */ = {
			isa = PBXGroup;
			name = Products;
			sourceTree = "<group>";
		};
/* End PBXGroup section */

/* Begin PBXNativeTarget section */
		5B2B62122E63388D007A249D /* Yes Chef */ = {
			isa = PBXNativeTarget;
			buildConfigurationList = 5B2B62372E63388E007A249D /* Build configuration list for PBXNativeTarget "Yes Chef" */;
			buildPhases = (
				5B2B620F2E63388D007A249D /* Sources */,
				5B2B62102E63388D007A249D /* Frameworks */,
				5B2B62112E63388D007A249D /* Resources */,
			);
			buildRules = (
			);
			dependencies = (
			);
			fileSystemSynchronizedGroups = (
				5B2B62152E63388D007A249D /* Yes Chef */,
			);
			name = "Yes Chef";
			packageProductDependencies = (
				5B4943092E6A864A00B252E3 /* FirebaseAuth */,
				5B49430B2E6A864A00B252E3 /* FirebaseDatabase */,
				5B49430D2E6A864A00B252E3 /* FirebaseFirestore */,
				5B49430F2E6A864A00B252E3 /* FirebaseStorage */,
			);
			productName = "Yes Chef";
			productReference = 5B2B62132E63388D007A249D /* Yes Chef.app */;
			productType = "com.apple.product-type.application";
		};
		5B2B62222E63388E007A249D /* Yes ChefTests */ = {
			isa = PBXNativeTarget;
			buildConfigurationList = 5B2B623A2E63388E007A249D /* Build configuration list for PBXNativeTarget "Yes ChefTests" */;
			buildPhases = (
				5B2B621F2E63388E007A249D /* Sources */,
				5B2B62202E63388E007A249D /* Frameworks */,
				5B2B62212E63388E007A249D /* Resources */,
			);
			buildRules = (
			);
			dependencies = (
				5B2B62252E63388E007A249D /* PBXTargetDependency */,
			);
			fileSystemSynchronizedGroups = (
				5B2B62262E63388E007A249D /* Yes ChefTests */,
			);
			name = "Yes ChefTests";
			packageProductDependencies = (
			);
			productName = "Yes ChefTests";
			productReference = 5B2B62232E63388E007A249D /* Yes ChefTests.xctest */;
			productType = "com.apple.product-type.bundle.unit-test";
		};
		5B2B622C2E63388E007A249D /* Yes ChefUITests */ = {
			isa = PBXNativeTarget;
			buildConfigurationList = 5B2B623D2E63388E007A249D /* Build configuration list for PBXNativeTarget "Yes ChefUITests" */;
			buildPhases = (
				5B2B62292E63388E007A249D /* Sources */,
				5B2B622A2E63388E007A249D /* Frameworks */,
				5B2B622B2E63388E007A249D /* Resources */,
			);
			buildRules = (
			);
			dependencies = (
				5B2B622F2E63388E007A249D /* PBXTargetDependency */,
			);
			fileSystemSynchronizedGroups = (
				5B2B62302E63388E007A249D /* Yes ChefUITests */,
			);
			name = "Yes ChefUITests";
			packageProductDependencies = (
			);
			productName = "Yes ChefUITests";
			productReference = 5B2B622D2E63388E007A249D /* Yes ChefUITests.xctest */;
			productType = "com.apple.product-type.bundle.ui-testing";
		};
/* End PBXNativeTarget section */

/* Begin PBXProject section */
		5B2B620B2E63388D007A249D /* Project object */ = {
			isa = PBXProject;
			attributes = {
				BuildIndependentTargetsInParallel = 1;
				LastSwiftUpdateCheck = 1620;
				LastUpgradeCheck = 1620;
				TargetAttributes = {
					5B2B62122E63388D007A249D = {
						CreatedOnToolsVersion = 16.2;
					};
					5B2B62222E63388E007A249D = {
						CreatedOnToolsVersion = 16.2;
						TestTargetID = 5B2B62122E63388D007A249D;
					};
					5B2B622C2E63388E007A249D = {
						CreatedOnToolsVersion = 16.2;
						TestTargetID = 5B2B62122E63388D007A249D;
					};
				};
			};
			buildConfigurationList = 5B2B620E2E63388D007A249D /* Build configuration list for PBXProject "Yes Chef" */;
			developmentRegion = en;
			hasScannedForEncodings = 0;
			knownRegions = (
				en,
				Base,
			);
			mainGroup = 5B2B620A2E63388D007A249D;
			minimizedProjectReferenceProxies = 1;
			packageReferences = (
				5B4943082E6A864A00B252E3 /* XCRemoteSwiftPackageReference "firebase-ios-sdk" */,
			);
			preferredProjectObjectVersion = 77;
			productRefGroup = 5B2B62142E63388D007A249D /* Products */;
			projectDirPath = "";
			projectReferences = (
				{
					ProductGroup = 5B7786832EC1482300C6D7F6 /* Products */;
					ProjectRef = 5B7786812EC1482300C6D7F6 /* Yes Chef.xcodeproj */;
				},
				{
					ProductGroup = 5B2DE1842EBF9D4E00AD956B /* Products */;
					ProjectRef = 5B2DE1822EBF9D4E00AD956B /* Yes Chef.xcodeproj */;
				},
				{
					ProductGroup = 5B3058B42EBD520300C788EF /* Products */;
					ProjectRef = 5B3058B22EBD520300C788EF /* Yes Chef.xcodeproj */;
				},
				{
					ProductGroup = 5B78E17F2EBFA67200B13020 /* Products */;
					ProjectRef = 5B78E17D2EBFA67200B13020 /* Yes Chef.xcodeproj */;
				},
				{
					ProductGroup = 5BFAE3552EC0F0CF009B7BFB /* Products */;
					ProjectRef = 5BFAE3532EC0F0CF009B7BFB /* Yes Chef.xcodeproj */;
				},
				{
					ProductGroup = 5B884C382EB169F0004063E0 /* Products */;
					ProjectRef = 5B884C362EB169F0004063E0 /* Yes Chef.xcodeproj */;
				},
			);
			projectRoot = "";
			targets = (
				5B2B62122E63388D007A249D /* Yes Chef */,
				5B2B62222E63388E007A249D /* Yes ChefTests */,
				5B2B622C2E63388E007A249D /* Yes ChefUITests */,
			);
		};
/* End PBXProject section */

/* Begin PBXResourcesBuildPhase section */
		5B2B62112E63388D007A249D /* Resources */ = {
			isa = PBXResourcesBuildPhase;
			buildActionMask = 2147483647;
			files = (
				3570C0132E7216C7000249C7 /* GoogleService-Info.plist in Resources */,
			);
			runOnlyForDeploymentPostprocessing = 0;
		};
		5B2B62212E63388E007A249D /* Resources */ = {
			isa = PBXResourcesBuildPhase;
			buildActionMask = 2147483647;
			files = (
			);
			runOnlyForDeploymentPostprocessing = 0;
		};
		5B2B622B2E63388E007A249D /* Resources */ = {
			isa = PBXResourcesBuildPhase;
			buildActionMask = 2147483647;
			files = (
			);
			runOnlyForDeploymentPostprocessing = 0;
		};
/* End PBXResourcesBuildPhase section */

/* Begin PBXSourcesBuildPhase section */
		5B2B620F2E63388D007A249D /* Sources */ = {
			isa = PBXSourcesBuildPhase;
			buildActionMask = 2147483647;
			files = (
			);
			runOnlyForDeploymentPostprocessing = 0;
		};
		5B2B621F2E63388E007A249D /* Sources */ = {
			isa = PBXSourcesBuildPhase;
			buildActionMask = 2147483647;
			files = (
			);
			runOnlyForDeploymentPostprocessing = 0;
		};
		5B2B62292E63388E007A249D /* Sources */ = {
			isa = PBXSourcesBuildPhase;
			buildActionMask = 2147483647;
			files = (
			);
			runOnlyForDeploymentPostprocessing = 0;
		};
/* End PBXSourcesBuildPhase section */

/* Begin PBXTargetDependency section */
		5B2B62252E63388E007A249D /* PBXTargetDependency */ = {
			isa = PBXTargetDependency;
			target = 5B2B62122E63388D007A249D /* Yes Chef */;
			targetProxy = 5B2B62242E63388E007A249D /* PBXContainerItemProxy */;
		};
		5B2B622F2E63388E007A249D /* PBXTargetDependency */ = {
			isa = PBXTargetDependency;
			target = 5B2B62122E63388D007A249D /* Yes Chef */;
			targetProxy = 5B2B622E2E63388E007A249D /* PBXContainerItemProxy */;
		};
/* End PBXTargetDependency section */

/* Begin XCBuildConfiguration section */
		5B2B62352E63388E007A249D /* Debug */ = {
			isa = XCBuildConfiguration;
			buildSettings = {
				ALWAYS_SEARCH_USER_PATHS = NO;
				ASSETCATALOG_COMPILER_GENERATE_SWIFT_ASSET_SYMBOL_EXTENSIONS = YES;
				CLANG_ANALYZER_NONNULL = YES;
				CLANG_ANALYZER_NUMBER_OBJECT_CONVERSION = YES_AGGRESSIVE;
				CLANG_CXX_LANGUAGE_STANDARD = "gnu++20";
				CLANG_ENABLE_MODULES = YES;
				CLANG_ENABLE_OBJC_ARC = YES;
				CLANG_ENABLE_OBJC_WEAK = YES;
				CLANG_WARN_BLOCK_CAPTURE_AUTORELEASING = YES;
				CLANG_WARN_BOOL_CONVERSION = YES;
				CLANG_WARN_COMMA = YES;
				CLANG_WARN_CONSTANT_CONVERSION = YES;
				CLANG_WARN_DEPRECATED_OBJC_IMPLEMENTATIONS = YES;
				CLANG_WARN_DIRECT_OBJC_ISA_USAGE = YES_ERROR;
				CLANG_WARN_DOCUMENTATION_COMMENTS = YES;
				CLANG_WARN_EMPTY_BODY = YES;
				CLANG_WARN_ENUM_CONVERSION = YES;
				CLANG_WARN_INFINITE_RECURSION = YES;
				CLANG_WARN_INT_CONVERSION = YES;
				CLANG_WARN_NON_LITERAL_NULL_CONVERSION = YES;
				CLANG_WARN_OBJC_IMPLICIT_RETAIN_SELF = YES;
				CLANG_WARN_OBJC_LITERAL_CONVERSION = YES;
				CLANG_WARN_OBJC_ROOT_CLASS = YES_ERROR;
				CLANG_WARN_QUOTED_INCLUDE_IN_FRAMEWORK_HEADER = YES;
				CLANG_WARN_RANGE_LOOP_ANALYSIS = YES;
				CLANG_WARN_STRICT_PROTOTYPES = YES;
				CLANG_WARN_SUSPICIOUS_MOVE = YES;
				CLANG_WARN_UNGUARDED_AVAILABILITY = YES_AGGRESSIVE;
				CLANG_WARN_UNREACHABLE_CODE = YES;
				CLANG_WARN__DUPLICATE_METHOD_MATCH = YES;
				COPY_PHASE_STRIP = NO;
				DEBUG_INFORMATION_FORMAT = dwarf;
				ENABLE_STRICT_OBJC_MSGSEND = YES;
				ENABLE_TESTABILITY = YES;
				ENABLE_USER_SCRIPT_SANDBOXING = YES;
				GCC_C_LANGUAGE_STANDARD = gnu17;
				GCC_DYNAMIC_NO_PIC = NO;
				GCC_NO_COMMON_BLOCKS = YES;
				GCC_OPTIMIZATION_LEVEL = 0;
				GCC_PREPROCESSOR_DEFINITIONS = (
					"DEBUG=1",
					"$(inherited)",
				);
				GCC_WARN_64_TO_32_BIT_CONVERSION = YES;
				GCC_WARN_ABOUT_RETURN_TYPE = YES_ERROR;
				GCC_WARN_UNDECLARED_SELECTOR = YES;
				GCC_WARN_UNINITIALIZED_AUTOS = YES_AGGRESSIVE;
				GCC_WARN_UNUSED_FUNCTION = YES;
				GCC_WARN_UNUSED_VARIABLE = YES;
				IPHONEOS_DEPLOYMENT_TARGET = 18.2;
				LOCALIZATION_PREFERS_STRING_CATALOGS = YES;
				MTL_ENABLE_DEBUG_INFO = INCLUDE_SOURCE;
				MTL_FAST_MATH = YES;
				ONLY_ACTIVE_ARCH = YES;
				SDKROOT = iphoneos;
				SWIFT_ACTIVE_COMPILATION_CONDITIONS = "DEBUG $(inherited)";
				SWIFT_OPTIMIZATION_LEVEL = "-Onone";
			};
			name = Debug;
		};
		5B2B62362E63388E007A249D /* Release */ = {
			isa = XCBuildConfiguration;
			buildSettings = {
				ALWAYS_SEARCH_USER_PATHS = NO;
				ASSETCATALOG_COMPILER_GENERATE_SWIFT_ASSET_SYMBOL_EXTENSIONS = YES;
				CLANG_ANALYZER_NONNULL = YES;
				CLANG_ANALYZER_NUMBER_OBJECT_CONVERSION = YES_AGGRESSIVE;
				CLANG_CXX_LANGUAGE_STANDARD = "gnu++20";
				CLANG_ENABLE_MODULES = YES;
				CLANG_ENABLE_OBJC_ARC = YES;
				CLANG_ENABLE_OBJC_WEAK = YES;
				CLANG_WARN_BLOCK_CAPTURE_AUTORELEASING = YES;
				CLANG_WARN_BOOL_CONVERSION = YES;
				CLANG_WARN_COMMA = YES;
				CLANG_WARN_CONSTANT_CONVERSION = YES;
				CLANG_WARN_DEPRECATED_OBJC_IMPLEMENTATIONS = YES;
				CLANG_WARN_DIRECT_OBJC_ISA_USAGE = YES_ERROR;
				CLANG_WARN_DOCUMENTATION_COMMENTS = YES;
				CLANG_WARN_EMPTY_BODY = YES;
				CLANG_WARN_ENUM_CONVERSION = YES;
				CLANG_WARN_INFINITE_RECURSION = YES;
				CLANG_WARN_INT_CONVERSION = YES;
				CLANG_WARN_NON_LITERAL_NULL_CONVERSION = YES;
				CLANG_WARN_OBJC_IMPLICIT_RETAIN_SELF = YES;
				CLANG_WARN_OBJC_LITERAL_CONVERSION = YES;
				CLANG_WARN_OBJC_ROOT_CLASS = YES_ERROR;
				CLANG_WARN_QUOTED_INCLUDE_IN_FRAMEWORK_HEADER = YES;
				CLANG_WARN_RANGE_LOOP_ANALYSIS = YES;
				CLANG_WARN_STRICT_PROTOTYPES = YES;
				CLANG_WARN_SUSPICIOUS_MOVE = YES;
				CLANG_WARN_UNGUARDED_AVAILABILITY = YES_AGGRESSIVE;
				CLANG_WARN_UNREACHABLE_CODE = YES;
				CLANG_WARN__DUPLICATE_METHOD_MATCH = YES;
				COPY_PHASE_STRIP = NO;
				DEBUG_INFORMATION_FORMAT = "dwarf-with-dsym";
				ENABLE_NS_ASSERTIONS = NO;
				ENABLE_STRICT_OBJC_MSGSEND = YES;
				ENABLE_USER_SCRIPT_SANDBOXING = YES;
				GCC_C_LANGUAGE_STANDARD = gnu17;
				GCC_NO_COMMON_BLOCKS = YES;
				GCC_WARN_64_TO_32_BIT_CONVERSION = YES;
				GCC_WARN_ABOUT_RETURN_TYPE = YES_ERROR;
				GCC_WARN_UNDECLARED_SELECTOR = YES;
				GCC_WARN_UNINITIALIZED_AUTOS = YES_AGGRESSIVE;
				GCC_WARN_UNUSED_FUNCTION = YES;
				GCC_WARN_UNUSED_VARIABLE = YES;
				IPHONEOS_DEPLOYMENT_TARGET = 18.2;
				LOCALIZATION_PREFERS_STRING_CATALOGS = YES;
				MTL_ENABLE_DEBUG_INFO = NO;
				MTL_FAST_MATH = YES;
				SDKROOT = iphoneos;
				SWIFT_COMPILATION_MODE = wholemodule;
				VALIDATE_PRODUCT = YES;
			};
			name = Release;
		};
		5B2B62382E63388E007A249D /* Debug */ = {
			isa = XCBuildConfiguration;
			buildSettings = {
				ASSETCATALOG_COMPILER_APPICON_NAME = AppIcon;
				ASSETCATALOG_COMPILER_GLOBAL_ACCENT_COLOR_NAME = AccentColor;
				CODE_SIGN_STYLE = Automatic;
				CURRENT_PROJECT_VERSION = 1;
				DEVELOPMENT_ASSET_PATHS = "\"Yes Chef/Preview Content\"";
				DEVELOPMENT_TEAM = N7JQF9LRA3;
				ENABLE_PREVIEWS = YES;
				GENERATE_INFOPLIST_FILE = YES;
				INFOPLIST_FILE = "Yes-Chef-Info.plist";
				INFOPLIST_KEY_UIApplicationSceneManifest_Generation = YES;
				INFOPLIST_KEY_UIApplicationSupportsIndirectInputEvents = YES;
				INFOPLIST_KEY_UILaunchScreen_Generation = YES;
				INFOPLIST_KEY_UISupportedInterfaceOrientations_iPad = "UIInterfaceOrientationPortrait UIInterfaceOrientationPortraitUpsideDown UIInterfaceOrientationLandscapeLeft UIInterfaceOrientationLandscapeRight";
				INFOPLIST_KEY_UISupportedInterfaceOrientations_iPhone = "UIInterfaceOrientationPortrait UIInterfaceOrientationLandscapeLeft UIInterfaceOrientationLandscapeRight";
				LD_RUNPATH_SEARCH_PATHS = (
					"$(inherited)",
					"@executable_path/Frameworks",
				);
				MARKETING_VERSION = 1.0;
				PRODUCT_BUNDLE_IDENTIFIER = "etan.Yes-Chef-";
				PRODUCT_NAME = "$(TARGET_NAME)";
				SWIFT_EMIT_LOC_STRINGS = YES;
				SWIFT_VERSION = 5.0;
				TARGETED_DEVICE_FAMILY = "1,2";
			};
			name = Debug;
		};
		5B2B62392E63388E007A249D /* Release */ = {
			isa = XCBuildConfiguration;
			buildSettings = {
				ASSETCATALOG_COMPILER_APPICON_NAME = AppIcon;
				ASSETCATALOG_COMPILER_GLOBAL_ACCENT_COLOR_NAME = AccentColor;
				CODE_SIGN_STYLE = Automatic;
				CURRENT_PROJECT_VERSION = 1;
				DEVELOPMENT_ASSET_PATHS = "\"Yes Chef/Preview Content\"";
				DEVELOPMENT_TEAM = N7JQF9LRA3;
				ENABLE_PREVIEWS = YES;
				GENERATE_INFOPLIST_FILE = YES;
				INFOPLIST_FILE = "Yes-Chef-Info.plist";
				INFOPLIST_KEY_UIApplicationSceneManifest_Generation = YES;
				INFOPLIST_KEY_UIApplicationSupportsIndirectInputEvents = YES;
				INFOPLIST_KEY_UILaunchScreen_Generation = YES;
				INFOPLIST_KEY_UISupportedInterfaceOrientations_iPad = "UIInterfaceOrientationPortrait UIInterfaceOrientationPortraitUpsideDown UIInterfaceOrientationLandscapeLeft UIInterfaceOrientationLandscapeRight";
				INFOPLIST_KEY_UISupportedInterfaceOrientations_iPhone = "UIInterfaceOrientationPortrait UIInterfaceOrientationLandscapeLeft UIInterfaceOrientationLandscapeRight";
				LD_RUNPATH_SEARCH_PATHS = (
					"$(inherited)",
					"@executable_path/Frameworks",
				);
				MARKETING_VERSION = 1.0;
				PRODUCT_BUNDLE_IDENTIFIER = "etan.Yes-Chef-";
				PRODUCT_NAME = "$(TARGET_NAME)";
				SWIFT_EMIT_LOC_STRINGS = YES;
				SWIFT_VERSION = 5.0;
				TARGETED_DEVICE_FAMILY = "1,2";
			};
			name = Release;
		};
		5B2B623B2E63388E007A249D /* Debug */ = {
			isa = XCBuildConfiguration;
			buildSettings = {
				BUNDLE_LOADER = "$(TEST_HOST)";
				CODE_SIGN_STYLE = Automatic;
				CURRENT_PROJECT_VERSION = 1;
				DEVELOPMENT_TEAM = 5VM646AGC4;
				GENERATE_INFOPLIST_FILE = YES;
				IPHONEOS_DEPLOYMENT_TARGET = 18.2;
				MARKETING_VERSION = 1.0;
				PRODUCT_BUNDLE_IDENTIFIER = "nityapotti.Yes-ChefTests";
				PRODUCT_NAME = "$(TARGET_NAME)";
				SWIFT_EMIT_LOC_STRINGS = NO;
				SWIFT_VERSION = 5.0;
				TARGETED_DEVICE_FAMILY = "1,2";
				TEST_HOST = "$(BUILT_PRODUCTS_DIR)/Yes Chef.app/$(BUNDLE_EXECUTABLE_FOLDER_PATH)/Yes Chef";
			};
			name = Debug;
		};
		5B2B623C2E63388E007A249D /* Release */ = {
			isa = XCBuildConfiguration;
			buildSettings = {
				BUNDLE_LOADER = "$(TEST_HOST)";
				CODE_SIGN_STYLE = Automatic;
				CURRENT_PROJECT_VERSION = 1;
				DEVELOPMENT_TEAM = 5VM646AGC4;
				GENERATE_INFOPLIST_FILE = YES;
				IPHONEOS_DEPLOYMENT_TARGET = 18.2;
				MARKETING_VERSION = 1.0;
				PRODUCT_BUNDLE_IDENTIFIER = "nityapotti.Yes-ChefTests";
				PRODUCT_NAME = "$(TARGET_NAME)";
				SWIFT_EMIT_LOC_STRINGS = NO;
				SWIFT_VERSION = 5.0;
				TARGETED_DEVICE_FAMILY = "1,2";
				TEST_HOST = "$(BUILT_PRODUCTS_DIR)/Yes Chef.app/$(BUNDLE_EXECUTABLE_FOLDER_PATH)/Yes Chef";
			};
			name = Release;
		};
		5B2B623E2E63388E007A249D /* Debug */ = {
			isa = XCBuildConfiguration;
			buildSettings = {
				CODE_SIGN_STYLE = Automatic;
				CURRENT_PROJECT_VERSION = 1;
				DEVELOPMENT_TEAM = 5VM646AGC4;
				GENERATE_INFOPLIST_FILE = YES;
				MARKETING_VERSION = 1.0;
				PRODUCT_BUNDLE_IDENTIFIER = "nityapotti.Yes-ChefUITests";
				PRODUCT_NAME = "$(TARGET_NAME)";
				SWIFT_EMIT_LOC_STRINGS = NO;
				SWIFT_VERSION = 5.0;
				TARGETED_DEVICE_FAMILY = "1,2";
				TEST_TARGET_NAME = "Yes Chef";
			};
			name = Debug;
		};
		5B2B623F2E63388E007A249D /* Release */ = {
			isa = XCBuildConfiguration;
			buildSettings = {
				CODE_SIGN_STYLE = Automatic;
				CURRENT_PROJECT_VERSION = 1;
				DEVELOPMENT_TEAM = 5VM646AGC4;
				GENERATE_INFOPLIST_FILE = YES;
				MARKETING_VERSION = 1.0;
				PRODUCT_BUNDLE_IDENTIFIER = "nityapotti.Yes-ChefUITests";
				PRODUCT_NAME = "$(TARGET_NAME)";
				SWIFT_EMIT_LOC_STRINGS = NO;
				SWIFT_VERSION = 5.0;
				TARGETED_DEVICE_FAMILY = "1,2";
				TEST_TARGET_NAME = "Yes Chef";
			};
			name = Release;
		};
/* End XCBuildConfiguration section */

/* Begin XCConfigurationList section */
		5B2B620E2E63388D007A249D /* Build configuration list for PBXProject "Yes Chef" */ = {
			isa = XCConfigurationList;
			buildConfigurations = (
				5B2B62352E63388E007A249D /* Debug */,
				5B2B62362E63388E007A249D /* Release */,
			);
			defaultConfigurationIsVisible = 0;
			defaultConfigurationName = Release;
		};
		5B2B62372E63388E007A249D /* Build configuration list for PBXNativeTarget "Yes Chef" */ = {
			isa = XCConfigurationList;
			buildConfigurations = (
				5B2B62382E63388E007A249D /* Debug */,
				5B2B62392E63388E007A249D /* Release */,
			);
			defaultConfigurationIsVisible = 0;
			defaultConfigurationName = Release;
		};
		5B2B623A2E63388E007A249D /* Build configuration list for PBXNativeTarget "Yes ChefTests" */ = {
			isa = XCConfigurationList;
			buildConfigurations = (
				5B2B623B2E63388E007A249D /* Debug */,
				5B2B623C2E63388E007A249D /* Release */,
			);
			defaultConfigurationIsVisible = 0;
			defaultConfigurationName = Release;
		};
		5B2B623D2E63388E007A249D /* Build configuration list for PBXNativeTarget "Yes ChefUITests" */ = {
			isa = XCConfigurationList;
			buildConfigurations = (
				5B2B623E2E63388E007A249D /* Debug */,
				5B2B623F2E63388E007A249D /* Release */,
			);
			defaultConfigurationIsVisible = 0;
			defaultConfigurationName = Release;
		};
/* End XCConfigurationList section */

/* Begin XCRemoteSwiftPackageReference section */
		5B4943082E6A864A00B252E3 /* XCRemoteSwiftPackageReference "firebase-ios-sdk" */ = {
			isa = XCRemoteSwiftPackageReference;
			repositoryURL = "https://github.com/firebase/firebase-ios-sdk";
			requirement = {
				kind = upToNextMajorVersion;
				minimumVersion = 12.2.0;
			};
		};
/* End XCRemoteSwiftPackageReference section */

/* Begin XCSwiftPackageProductDependency section */
		5B4943092E6A864A00B252E3 /* FirebaseAuth */ = {
			isa = XCSwiftPackageProductDependency;
			package = 5B4943082E6A864A00B252E3 /* XCRemoteSwiftPackageReference "firebase-ios-sdk" */;
			productName = FirebaseAuth;
		};
		5B49430B2E6A864A00B252E3 /* FirebaseDatabase */ = {
			isa = XCSwiftPackageProductDependency;
			package = 5B4943082E6A864A00B252E3 /* XCRemoteSwiftPackageReference "firebase-ios-sdk" */;
			productName = FirebaseDatabase;
		};
		5B49430D2E6A864A00B252E3 /* FirebaseFirestore */ = {
			isa = XCSwiftPackageProductDependency;
			package = 5B4943082E6A864A00B252E3 /* XCRemoteSwiftPackageReference "firebase-ios-sdk" */;
			productName = FirebaseFirestore;
		};
		5B49430F2E6A864A00B252E3 /* FirebaseStorage */ = {
			isa = XCSwiftPackageProductDependency;
			package = 5B4943082E6A864A00B252E3 /* XCRemoteSwiftPackageReference "firebase-ios-sdk" */;
			productName = FirebaseStorage;
		};
/* End XCSwiftPackageProductDependency section */
	};
	rootObject = 5B2B620B2E63388D007A249D /* Project object */;
}
